gbenson.net/go/logger v1.8.0 h1:95iwRWPgDq0rwK8w2XXZjWaQHtajFVZTFPyyEhdj66c=
gbenson.net/go/logger v1.8.0/go.mod h1:OJwU9QoXbfAyIF5G9wrQ2ro9bGutR5vY27wXE/qj/Js=
gbenson.net/go/microfont v0.4.0 h1:X3VJxWtF4io/RIH6m7OGSfxP42X5rMRVfhT1Kk3Tk6Q=
gbenson.net/go/microfont v0.4.0/go.mod h1:4/SoLL5AL4cvDYuRD0UAv329zWf+yKtVVbwTXojOpv8=
gbenson.net/go/ssd1305 v0.3.0 h1:uhPbF3p3odAb3JrTCiNTcNwZK79Klcbp8H8rU2Aj2pQ=
gbenson.net/go/ssd1305 v0.3.0/go.mod h1:WLhHOT7CumIIWPYmRA387cF1nTNgSUfLoUEcscrrUp0=
github.com/BurntSushi/toml v1.6.0 h1:dRaEfpa2VI55EwlIW72hMRHdWouJeRF7TPYhI+AUQjk=
github.com/BurntSushi/toml v1.6.0/go.mod h1:ukJfTF/6rtPPRCnwkur4qwRxa8vTRFBF0uk2lLoLwho=
github.com/coreos/go-systemd/v22 v22.5.0/go.mod h1:Y58oyj3AT4RCenI/lSvhwexgC+NSVTIJ3seZv2GcEnc=
github.com/godbus/dbus/v5 v5.0.4/go.mod h1:xhWf0FNVPg57R7Z0UbKHbJfkEywrmjJnf7w5xrFpKfA=
github.com/google/go-cmp v0.7.0 h1:wk8382ETsv4JYUZwIsn6YpYiWiBsYLSJiTsyBybVuN8=
github.com/google/go-cmp v0.7.0/go.mod h1:pXiqmnSA92OHEEa9HXL2W4E7lf9JzCmGVUdgjX3N/iU=
github.com/jonboulle/clockwork v0.5.0 h1:Hyh9A8u51kptdkR+cqRpT1EebBwTn1oK9YfGYbdFz6I=
github.com/jonboulle/clockwork v0.5.0/go.mod h1:3mZlmanh0g2NDKO5TWZVJAfofYk64M7XN3SzBPjZF60=
github.com/mattn/go-colorable v0.1.13/go.mod h1:7S9/ev0klgBDR4GtXTXX8a3vIGJpMovkB8vQcUbaXHg=
github.com/mattn/go-colorable v0.1.14 h1:9A9LHSqF/7dyVVX6g0U9cwm9pG3kP9gSzcuIPHPsaIE=
github.com/mattn/go-colorable v0.1.14/go.mod h1:6LmQG8QLFO4G5z1gPvYEzlUgJ2wF+stgPZH1UqBm1s8=
github.com/mattn/go-isatty v0.0.16/go.mod h1:kYGgaQfpe5nmfYZH+SKPsOc2e4SrIfOl2e/yFXSvRLM=
github.com/mattn/go-isatty v0.0.19/go.mod h1:W+V8PltTTMOvKvAeJH7IuucS94S2C6jfK/D7dTCTo3Y=
github.com/mattn/go-isatty v0.0.20 h1:xfD0iDuEKnDkl03q4limB+vH+GxLEtL/jb4xVJSWWEY=
github.com/mattn/go-isatty v0.0.20/go.mod h1:W+V8PltTTMOvKvAeJH7IuucS94S2C6jfK/D7dTCTo3Y=
github.com/pkg/errors v0.9.1/go.mod h1:bwawxfHBFNV+L2hUp1rHADufV3IMtnDRdf1r5NINEl0=
github.com/rs/xid v1.6.0/go.mod h1:7XoLgs4eV+QndskICGsho+ADou8ySMSjJKDIan90Nz0=
github.com/rs/zerolog v1.34.0 h1:k43nTLIwcTVQAncfCw4KZ2VY6ukYoZaBPNOE8txlOeY=
github.com/rs/zerolog v1.34.0/go.mod h1:bJsvje4Z08ROH4Nhs5iH600c3IkWhwp44iRc54W6wYQ=
github.com/veandco/go-sdl2 v0.4.40 h1:fZv6wC3zz1Xt167P09gazawnpa0KY5LM7JAvKpX9d/U=
github.com/veandco/go-sdl2 v0.4.40/go.mod h1:OROqMhHD43nT4/i9crJukyVecjPNYYuCofep6SNiAjY=
gitlab.com/gomidi/midi/v2 v2.3.23 h1:P8NxV4EzV9c+BjpwTeB+G/qa+Xdq/UTazS2fKxY0O0g=
gitlab.com/gomidi/midi/v2 v2.3.23/go.mod h1:jDpP4O4skYi+7iVwt6Zyp18bd2M4hkjtMuw2cmgKgfw=
golang.org/x/image v0.38.0 h1:5l+q+Y9JDC7mBOMjo4/aPhMDcxEptsX+Tt3GgRQRPuE=
golang.org/x/image v0.38.0/go.mod h1:/3f6vaXC+6CEanU4KJxbcUZyEePbyKbaLoDOe4ehFYY=
golang.org/x/sys v0.0.0-20220811171246-fbc7d0a398ab/go.mod h1:oPkhp1MJrh7nUepCBck5+mAzfO9JrbApNNgaTdGDITg=
golang.org/x/sys v0.6.0/go.mod h1:oPkhp1MJrh7nUepCBck5+mAzfO9JrbApNNgaTdGDITg=
golang.org/x/sys v0.12.0/go.mod h1:oPkhp1MJrh7nUepCBck5+mAzfO9JrbApNNgaTdGDITg=
golang.org/x/sys v0.41.0 h1:Ivj+2Cp/ylzLiEU89QhWblYnOE9zerudt9Ftecq2C6k=
golang.org/x/sys v0.41.0/go.mod h1:OgkHotnGiDImocRcuBABYBEXf8A9a87e/uXjp9XT3ks=
golang.org/x/term v0.40.0 h1:36e4zGLqU4yhjlmxEaagx2KuYbJq3EwY8K943ZsHcvg=
golang.org/x/term v0.40.0/go.mod h1:w2P8uVp06p2iyKKuvXIm7N/y0UCRt3UfJTfZ7oOpglM=
gotest.tools/v3 v3.5.2 h1:7koQfIKdy+I8UTetycgUqXWSDwpgv193Ka+qRsmBY8Q=
gotest.tools/v3 v3.5.2/go.mod h1:LtdLGcnqToBH83WByAAi/wiwSFCArdFIUV/xxN4pcjA=
periph.io/x/conn/v3 v3.7.2 h1:qt9dE6XGP5ljbFnCKRJ9OOCoiOyBGlw7JZgoi72zZ1s=
periph.io/x/conn/v3 v3.7.2/go.mod h1:Ao0b4sFRo4QOx6c1tROJU1fLJN1hUIYggjOrkIVnpGg=
periph.io/x/devices/v3 v3.7.4 h1:g9CGKTtiXS9iyDFDba4sr9pYde4dy+ZCKRPuKpKJdKo=
periph.io/x/devices/v3 v3.7.4/go.mod h1:FqFG9RotW2aCkfIlAes3qxziwgjRTncTMS5cSOcizNg=
periph.io/x/host/v3 v3.8.3 h1:v90ozCFDWgEyfNElZ+JnOvq0jAdW0vmgjCUy8dYXDds=
periph.io/x/host/v3 v3.8.3/go.mod h1:uKrIpfXjELwHkwGBNe6aos//XiQ/3uxDa1P2BmLV6Ok=
